
Microsoft Visual Studio Solution File, Format Version 12.00
# Visual Studio Version 16
VisualStudioVersion = 16.0.30717.126
MinimumVisualStudioVersion = 10.0.40219.1
Project("{FAE04EC0-301F-11D3-BF4B-00C04F79EFBC}") = "App1.UWP", "App1\App1.UWP\App1.UWP.csproj", "{8F623F27-6B95-413D-A091-3E0CEFA48052}"
EndProject
Project("{FAE04EC0-301F-11D3-BF4B-00C04F79EFBC}") = "App1.Android", "App1\App1.Android\App1.Android.csproj", "{F89CA781-07DB-47F1-BADD-CA10DC6EBDE6}"
EndProject
Project("{FAE04EC0-301F-11D3-BF4B-00C04F79EFBC}") = "App1.iOS", "App1\App1.iOS\App1.iOS.csproj", "{5DDFAAA4-22C6-4667-9AA1-036DB1D65193}"
EndProject
Project("{FAE04EC0-301F-11D3-BF4B-00C04F79EFBC}") = "App1", "App1\App1\App1.csproj", "{409C0F1B-CFD3-40E0-AD92-231EB57BA987}"
EndProject
Global
	GlobalSection(SolutionConfigurationPlatforms) = preSolution
		Debug|Any CPU = Debug|Any CPU
		Debug|ARM = Debug|ARM
		Debug|iPhone = Debug|iPhone
		Debug|iPhoneSimulator = Debug|iPhoneSimulator
		Debug|x64 = Debug|x64
		Debug|x86 = Debug|x86
		Release|Any CPU = Release|Any CPU
		Release|ARM = Release|ARM
		Release|iPhone = Release|iPhone
		Release|iPhoneSimulator = Release|iPhoneSimulator
		Release|x64 = Release|x64
		Release|x86 = Release|x86
	EndGlobalSection
	GlobalSection(ProjectConfigurationPlatforms) = postSolution
		{8F623F27-6B95-413D-A091-3E0CEFA48052}.Debug|Any CPU.ActiveCfg = Debug|x86
		{8F623F27-6B95-413D-A091-3E0CEFA48052}.Debug|Any CPU.Build.0 = Debug|x86
		{8F623F27-6B95-413D-A091-3E0CEFA48052}.Debug|Any CPU.Deploy.0 = Debug|x86
		{8F623F27-6B95-413D-A091-3E0CEFA48052}.Debug|ARM.ActiveCfg = Debug|ARM
		{8F623F27-6B95-413D-A091-3E0CEFA48052}.Debug|ARM.Build.0 = Debug|ARM
		{8F623F27-6B95-413D-A091-3E0CEFA48052}.Debug|ARM.Deploy.0 = Debug|ARM
		{8F623F27-6B95-413D-A091-3E0CEFA48052}.Debug|iPhone.ActiveCfg = Debug|x86
		{8F623F27-6B95-413D-A091-3E0CEFA48052}.Debug|iPhone.Build.0 = Debug|x86
		{8F623F27-6B95-413D-A091-3E0CEFA48052}.Debug|iPhone.Deploy.0 = Debug|x86
		{8F623F27-6B95-413D-A091-3E0CEFA48052}.Debug|iPhoneSimulator.ActiveCfg = Debug|x86
		{8F623F27-6B95-413D-A091-3E0CEFA48052}.Debug|iPhoneSimulator.Build.0 = Debug|x86
		{8F623F27-6B95-413D-A091-3E0CEFA48052}.Debug|iPhoneSimulator.Deploy.0 = Debug|x86
		{8F623F27-6B95-413D-A091-3E0CEFA48052}.Debug|x64.ActiveCfg = Debug|x64
		{8F623F27-6B95-413D-A091-3E0CEFA48052}.Debug|x64.Build.0 = Debug|x64
		{8F623F27-6B95-413D-A091-3E0CEFA48052}.Debug|x64.Deploy.0 = Debug|x64
		{8F623F27-6B95-413D-A091-3E0CEFA48052}.Debug|x86.ActiveCfg = Debug|x86
		{8F623F27-6B95-413D-A091-3E0CEFA48052}.Debug|x86.Build.0 = Debug|x86
		{8F623F27-6B95-413D-A091-3E0CEFA48052}.Debug|x86.Deploy.0 = Debug|x86
		{8F623F27-6B95-413D-A091-3E0CEFA48052}.Release|Any CPU.ActiveCfg = Release|x86
		{8F623F27-6B95-413D-A091-3E0CEFA48052}.Release|Any CPU.Build.0 = Release|x86
		{8F623F27-6B95-413D-A091-3E0CEFA48052}.Release|Any CPU.Deploy.0 = Release|x86
		{8F623F27-6B95-413D-A091-3E0CEFA48052}.Release|ARM.ActiveCfg = Release|ARM
		{8F623F27-6B95-413D-A091-3E0CEFA48052}.Release|ARM.Build.0 = Release|ARM
		{8F623F27-6B95-413D-A091-3E0CEFA48052}.Release|ARM.Deploy.0 = Release|ARM
		{8F623F27-6B95-413D-A091-3E0CEFA48052}.Release|iPhone.ActiveCfg = Release|x86
		{8F623F27-6B95-413D-A091-3E0CEFA48052}.Release|iPhone.Build.0 = Release|x86
		{8F623F27-6B95-413D-A091-3E0CEFA48052}.Release|iPhone.Deploy.0 = Release|x86
		{8F623F27-6B95-413D-A091-3E0CEFA48052}.Release|iPhoneSimulator.ActiveCfg = Release|x86
		{8F623F27-6B95-413D-A091-3E0CEFA48052}.Release|iPhoneSimulator.Build.0 = Release|x86
		{8F623F27-6B95-413D-A091-3E0CEFA48052}.Release|iPhoneSimulator.Deploy.0 = Release|x86
		{8F623F27-6B95-413D-A091-3E0CEFA48052}.Release|x64.ActiveCfg = Release|x64
		{8F623F27-6B95-413D-A091-3E0CEFA48052}.Release|x64.Build.0 = Release|x64
		{8F623F27-6B95-413D-A091-3E0CEFA48052}.Release|x64.Deploy.0 = Release|x64
		{8F623F27-6B95-413D-A091-3E0CEFA48052}.Release|x86.ActiveCfg = Release|x86
		{8F623F27-6B95-413D-A091-3E0CEFA48052}.Release|x86.Build.0 = Release|x86
		{8F623F27-6B95-413D-A091-3E0CEFA48052}.Release|x86.Deploy.0 = Release|x86
		{F89CA781-07DB-47F1-BADD-CA10DC6EBDE6}.Debug|Any CPU.ActiveCfg = Debug|Any CPU
		{F89CA781-07DB-47F1-BADD-CA10DC6EBDE6}.Debug|Any CPU.Build.0 = Debug|Any CPU
		{F89CA781-07DB-47F1-BADD-CA10DC6EBDE6}.Debug|Any CPU.Deploy.0 = Debug|Any CPU
		{F89CA781-07DB-47F1-BADD-CA10DC6EBDE6}.Debug|ARM.ActiveCfg = Debug|Any CPU
		{F89CA781-07DB-47F1-BADD-CA10DC6EBDE6}.Debug|ARM.Build.0 = Debug|Any CPU
		{F89CA781-07DB-47F1-BADD-CA10DC6EBDE6}.Debug|ARM.Deploy.0 = Debug|Any CPU
		{F89CA781-07DB-47F1-BADD-CA10DC6EBDE6}.Debug|iPhone.ActiveCfg = Debug|Any CPU
		{F89CA781-07DB-47F1-BADD-CA10DC6EBDE6}.Debug|iPhone.Build.0 = Debug|Any CPU
		{F89CA781-07DB-47F1-BADD-CA10DC6EBDE6}.Debug|iPhone.Deploy.0 = Debug|Any CPU
		{F89CA781-07DB-47F1-BADD-CA10DC6EBDE6}.Debug|iPhoneSimulator.ActiveCfg = Debug|Any CPU
		{F89CA781-07DB-47F1-BADD-CA10DC6EBDE6}.Debug|iPhoneSimulator.Build.0 = Debug|Any CPU
		{F89CA781-07DB-47F1-BADD-CA10DC6EBDE6}.Debug|iPhoneSimulator.Deploy.0 = Debug|Any CPU
		{F89CA781-07DB-47F1-BADD-CA10DC6EBDE6}.Debug|x64.ActiveCfg = Debug|Any CPU
		{F89CA781-07DB-47F1-BADD-CA10DC6EBDE6}.Debug|x64.Build.0 = Debug|Any CPU
		{F89CA781-07DB-47F1-BADD-CA10DC6EBDE6}.Debug|x64.Deploy.0 = Debug|Any CPU
		{F89CA781-07DB-47F1-BADD-CA10DC6EBDE6}.Debug|x86.ActiveCfg = Debug|Any CPU
		{F89CA781-07DB-47F1-BADD-CA10DC6EBDE6}.Debug|x86.Build.0 = Debug|Any CPU
		{F89CA781-07DB-47F1-BADD-CA10DC6EBDE6}.Debug|x86.Deploy.0 = Debug|Any CPU
		{F89CA781-07DB-47F1-BADD-CA10DC6EBDE6}.Release|Any CPU.ActiveCfg = Release|Any CPU
		{F89CA781-07DB-47F1-BADD-CA10DC6EBDE6}.Release|Any CPU.Build.0 = Release|Any CPU
		{F89CA781-07DB-47F1-BADD-CA10DC6EBDE6}.Release|Any CPU.Deploy.0 = Release|Any CPU
		{F89CA781-07DB-47F1-BADD-CA10DC6EBDE6}.Release|ARM.ActiveCfg = Release|Any CPU
		{F89CA781-07DB-47F1-BADD-CA10DC6EBDE6}.Release|ARM.Build.0 = Release|Any CPU
		{F89CA781-07DB-47F1-BADD-CA10DC6EBDE6}.Release|ARM.Deploy.0 = Release|Any CPU
		{F89CA781-07DB-47F1-BADD-CA10DC6EBDE6}.Release|iPhone.ActiveCfg = Release|Any CPU
		{F89CA781-07DB-47F1-BADD-CA10DC6EBDE6}.Release|iPhone.Build.0 = Release|Any CPU
		{F89CA781-07DB-47F1-BADD-CA10DC6EBDE6}.Release|iPhone.Deploy.0 = Release|Any CPU
		{F89CA781-07DB-47F1-BADD-CA10DC6EBDE6}.Release|iPhoneSimulator.ActiveCfg = Release|Any CPU
		{F89CA781-07DB-47F1-BADD-CA10DC6EBDE6}.Release|iPhoneSimulator.Build.0 = Release|Any CPU
		{F89CA781-07DB-47F1-BADD-CA10DC6EBDE6}.Release|iPhoneSimulator.Deploy.0 = Release|Any CPU
		{F89CA781-07DB-47F1-BADD-CA10DC6EBDE6}.Release|x64.ActiveCfg = Release|Any CPU
		{F89CA781-07DB-47F1-BADD-CA10DC6EBDE6}.Release|x64.Build.0 = Release|Any CPU
		{F89CA781-07DB-47F1-BADD-CA10DC6EBDE6}.Release|x64.Deploy.0 = Release|Any CPU
		{F89CA781-07DB-47F1-BADD-CA10DC6EBDE6}.Release|x86.ActiveCfg = Release|Any CPU
		{F89CA781-07DB-47F1-BADD-CA10DC6EBDE6}.Release|x86.Build.0 = Release|Any CPU
		{F89CA781-07DB-47F1-BADD-CA10DC6EBDE6}.Release|x86.Deploy.0 = Release|Any CPU
		{5DDFAAA4-22C6-4667-9AA1-036DB1D65193}.Debug|Any CPU.ActiveCfg = Debug|iPhoneSimulator
		{5DDFAAA4-22C6-4667-9AA1-036DB1D65193}.Debug|Any CPU.Build.0 = Debug|iPhoneSimulator
		{5DDFAAA4-22C6-4667-9AA1-036DB1D65193}.Debug|Any CPU.Deploy.0 = Debug|iPhoneSimulator
		{5DDFAAA4-22C6-4667-9AA1-036DB1D65193}.Debug|ARM.ActiveCfg = Debug|iPhone
		{5DDFAAA4-22C6-4667-9AA1-036DB1D65193}.Debug|ARM.Build.0 = Debug|iPhone
		{5DDFAAA4-22C6-4667-9AA1-036DB1D65193}.Debug|ARM.Deploy.0 = Debug|iPhone
		{5DDFAAA4-22C6-4667-9AA1-036DB1D65193}.Debug|iPhone.ActiveCfg = Debug|iPhone
		{5DDFAAA4-22C6-4667-9AA1-036DB1D65193}.Debug|iPhone.Build.0 = Debug|iPhone
		{5DDFAAA4-22C6-4667-9AA1-036DB1D65193}.Debug|iPhone.Deploy.0 = Debug|iPhone
		{5DDFAAA4-22C6-4667-9AA1-036DB1D65193}.Debug|iPhoneSimulator.ActiveCfg = Debug|iPhoneSimulator
		{5DDFAAA4-22C6-4667-9AA1-036DB1D65193}.Debug|iPhoneSimulator.Build.0 = Debug|iPhoneSimulator
		{5DDFAAA4-22C6-4667-9AA1-036DB1D65193}.Debug|iPhoneSimulator.Deploy.0 = Debug|iPhoneSimulator
		{5DDFAAA4-22C6-4667-9AA1-036DB1D65193}.Debug|x64.ActiveCfg = Debug|iPhoneSimulator
		{5DDFAAA4-22C6-4667-9AA1-036DB1D65193}.Debug|x64.Build.0 = Debug|iPhoneSimulator
		{5DDFAAA4-22C6-4667-9AA1-036DB1D65193}.Debug|x64.Deploy.0 = Debug|iPhoneSimulator
		{5DDFAAA4-22C6-4667-9AA1-036DB1D65193}.Debug|x86.ActiveCfg = Debug|iPhoneSimulator
		{5DDFAAA4-22C6-4667-9AA1-036DB1D65193}.Debug|x86.Build.0 = Debug|iPhoneSimulator
		{5DDFAAA4-22C6-4667-9AA1-036DB1D65193}.Debug|x86.Deploy.0 = Debug|iPhoneSimulator
		{5DDFAAA4-22C6-4667-9AA1-036DB1D65193}.Release|Any CPU.ActiveCfg = Release|iPhoneSimulator
		{5DDFAAA4-22C6-4667-9AA1-036DB1D65193}.Release|Any CPU.Build.0 = Release|iPhoneSimulator
		{5DDFAAA4-22C6-4667-9AA1-036DB1D65193}.Release|Any CPU.Deploy.0 = Release|iPhoneSimulator
		{5DDFAAA4-22C6-4667-9AA1-036DB1D65193}.Release|ARM.ActiveCfg = Release|iPhoneSimulator
		{5DDFAAA4-22C6-4667-9AA1-036DB1D65193}.Release|ARM.Build.0 = Release|iPhoneSimulator
		{5DDFAAA4-22C6-4667-9AA1-036DB1D65193}.Release|ARM.Deploy.0 = Release|iPhoneSimulator
		{5DDFAAA4-22C6-4667-9AA1-036DB1D65193}.Release|iPhone.ActiveCfg = Release|iPhone
		{5DDFAAA4-22C6-4667-9AA1-036DB1D65193}.Release|iPhone.Build.0 = Release|iPhone
		{5DDFAAA4-22C6-4667-9AA1-036DB1D65193}.Release|iPhone.Deploy.0 = Release|iPhone
		{5DDFAAA4-22C6-4667-9AA1-036DB1D65193}.Release|iPhoneSimulator.ActiveCfg = Release|iPhoneSimulator
		{5DDFAAA4-22C6-4667-9AA1-036DB1D65193}.Release|iPhoneSimulator.Build.0 = Release|iPhoneSimulator
		{5DDFAAA4-22C6-4667-9AA1-036DB1D65193}.Release|iPhoneSimulator.Deploy.0 = Release|iPhoneSimulator
		{5DDFAAA4-22C6-4667-9AA1-036DB1D65193}.Release|x64.ActiveCfg = Release|iPhoneSimulator
		{5DDFAAA4-22C6-4667-9AA1-036DB1D65193}.Release|x64.Build.0 = Release|iPhoneSimulator
		{5DDFAAA4-22C6-4667-9AA1-036DB1D65193}.Release|x64.Deploy.0 = Release|iPhoneSimulator
		{5DDFAAA4-22C6-4667-9AA1-036DB1D65193}.Release|x86.ActiveCfg = Release|iPhoneSimulator
		{5DDFAAA4-22C6-4667-9AA1-036DB1D65193}.Release|x86.Build.0 = Release|iPhoneSimulator
		{5DDFAAA4-22C6-4667-9AA1-036DB1D65193}.Release|x86.Deploy.0 = Release|iPhoneSimulator
		{409C0F1B-CFD3-40E0-AD92-231EB57BA987}.Debug|Any CPU.ActiveCfg = Debug|Any CPU
		{409C0F1B-CFD3-40E0-AD92-231EB57BA987}.Debug|Any CPU.Build.0 = Debug|Any CPU
		{409C0F1B-CFD3-40E0-AD92-231EB57BA987}.Debug|Any CPU.Deploy.0 = Debug|Any CPU
		{409C0F1B-CFD3-40E0-AD92-231EB57BA987}.Debug|ARM.ActiveCfg = Debug|Any CPU
		{409C0F1B-CFD3-40E0-AD92-231EB57BA987}.Debug|ARM.Build.0 = Debug|Any CPU
		{409C0F1B-CFD3-40E0-AD92-231EB57BA987}.Debug|ARM.Deploy.0 = Debug|Any CPU
		{409C0F1B-CFD3-40E0-AD92-231EB57BA987}.Debug|iPhone.ActiveCfg = Debug|Any CPU
		{409C0F1B-CFD3-40E0-AD92-231EB57BA987}.Debug|iPhone.Build.0 = Debug|Any CPU
		{409C0F1B-CFD3-40E0-AD92-231EB57BA987}.Debug|iPhone.Deploy.0 = Debug|Any CPU
		{409C0F1B-CFD3-40E0-AD92-231EB57BA987}.Debug|iPhoneSimulator.ActiveCfg = Debug|Any CPU
		{409C0F1B-CFD3-40E0-AD92-231EB57BA987}.Debug|iPhoneSimulator.Build.0 = Debug|Any CPU
		{409C0F1B-CFD3-40E0-AD92-231EB57BA987}.Debug|iPhoneSimulator.Deploy.0 = Debug|Any CPU
		{409C0F1B-CFD3-40E0-AD92-231EB57BA987}.Debug|x64.ActiveCfg = Debug|Any CPU
		{409C0F1B-CFD3-40E0-AD92-231EB57BA987}.Debug|x64.Build.0 = Debug|Any CPU
		{409C0F1B-CFD3-40E0-AD92-231EB57BA987}.Debug|x64.Deploy.0 = Debug|Any CPU
		{409C0F1B-CFD3-40E0-AD92-231EB57BA987}.Debug|x86.ActiveCfg = Debug|Any CPU
		{409C0F1B-CFD3-40E0-AD92-231EB57BA987}.Debug|x86.Build.0 = Debug|Any CPU
		{409C0F1B-CFD3-40E0-AD92-231EB57BA987}.Debug|x86.Deploy.0 = Debug|Any CPU
		{409C0F1B-CFD3-40E0-AD92-231EB57BA987}.Release|Any CPU.ActiveCfg = Release|Any CPU
		{409C0F1B-CFD3-40E0-AD92-231EB57BA987}.Release|Any CPU.Build.0 = Release|Any CPU
		{409C0F1B-CFD3-40E0-AD92-231EB57BA987}.Release|Any CPU.Deploy.0 = Release|Any CPU
		{409C0F1B-CFD3-40E0-AD92-231EB57BA987}.Release|ARM.ActiveCfg = Release|Any CPU
		{409C0F1B-CFD3-40E0-AD92-231EB57BA987}.Release|ARM.Build.0 = Release|Any CPU
		{409C0F1B-CFD3-40E0-AD92-231EB57BA987}.Release|ARM.Deploy.0 = Release|Any CPU
		{409C0F1B-CFD3-40E0-AD92-231EB57BA987}.Release|iPhone.ActiveCfg = Release|Any CPU
		{409C0F1B-CFD3-40E0-AD92-231EB57BA987}.Release|iPhone.Build.0 = Release|Any CPU
		{409C0F1B-CFD3-40E0-AD92-231EB57BA987}.Release|iPhone.Deploy.0 = Release|Any CPU
		{409C0F1B-CFD3-40E0-AD92-231EB57BA987}.Release|iPhoneSimulator.ActiveCfg = Release|Any CPU
		{409C0F1B-CFD3-40E0-AD92-231EB57BA987}.Release|iPhoneSimulator.Build.0 = Release|Any CPU
		{409C0F1B-CFD3-40E0-AD92-231EB57BA987}.Release|iPhoneSimulator.Deploy.0 = Release|Any CPU
		{409C0F1B-CFD3-40E0-AD92-231EB57BA987}.Release|x64.ActiveCfg = Release|Any CPU
		{409C0F1B-CFD3-40E0-AD92-231EB57BA987}.Release|x64.Build.0 = Release|Any CPU
		{409C0F1B-CFD3-40E0-AD92-231EB57BA987}.Release|x64.Deploy.0 = Release|Any CPU
		{409C0F1B-CFD3-40E0-AD92-231EB57BA987}.Release|x86.ActiveCfg = Release|Any CPU
		{409C0F1B-CFD3-40E0-AD92-231EB57BA987}.Release|x86.Build.0 = Release|Any CPU
		{409C0F1B-CFD3-40E0-AD92-231EB57BA987}.Release|x86.Deploy.0 = Release|Any CPU
	EndGlobalSection
	GlobalSection(SolutionProperties) = preSolution
		HideSolutionNode = FALSE
	EndGlobalSection
	GlobalSection(ExtensibilityGlobals) = postSolution
		SolutionGuid = {4E8C5C32-EFD1-4263-BC53-E8739591BE56}
	EndGlobalSection
EndGlobal
